
Microsoft Visual Studio Solution File, Format Version 12.00
# Visual Studio Version 17
VisualStudioVersion = 17.4.33213.308
MinimumVisualStudioVersion = 10.0.40219.1
Project("{9A19103F-16F7-4668-BE54-9A1E7A4F7556}") = "TextGame", "TextGame\TextGame.csproj", "{EB3EFCF4-DAEE-442E-94C6-F82AFD2EDBC7}"
EndProject
Project("{FAE04EC0-301F-11D3-BF4B-00C04F79EFBC}") = "DB", "DB\DB.csproj", "{C6467F94-9222-4995-B099-343FE63256B7}"
EndProject
Global
	GlobalSection(SolutionConfigurationPlatforms) = preSolution
		Debug|Any CPU = Debug|Any CPU
		Release|Any CPU = Release|Any CPU
	EndGlobalSection
	GlobalSection(ProjectConfigurationPlatforms) = postSolution
		{EB3EFCF4-DAEE-442E-94C6-F82AFD2EDBC7}.Debug|Any CPU.ActiveCfg = Debug|Any CPU
		{EB3EFCF4-DAEE-442E-94C6-F82AFD2EDBC7}.Debug|Any CPU.Build.0 = Debug|Any CPU
		{EB3EFCF4-DAEE-442E-94C6-F82AFD2EDBC7}.Release|Any CPU.ActiveCfg = Release|Any CPU
		{EB3EFCF4-DAEE-442E-94C6-F82AFD2EDBC7}.Release|Any CPU.Build.0 = Release|Any CPU
		{C6467F94-9222-4995-B099-343FE63256B7}.Debug|Any CPU.ActiveCfg = Debug|Any CPU
		{C6467F94-9222-4995-B099-343FE63256B7}.Debug|Any CPU.Build.0 = Debug|Any CPU
		{C6467F94-9222-4995-B099-343FE63256B7}.Release|Any CPU.ActiveCfg = Release|Any CPU
		{C6467F94-9222-4995-B099-343FE63256B7}.Release|Any CPU.Build.0 = Release|Any CPU
	EndGlobalSection
	GlobalSection(SolutionProperties) = preSolution
		HideSolutionNode = FALSE
	EndGlobalSection
	GlobalSection(ExtensibilityGlobals) = postSolution
		SolutionGuid = {28AE67A3-CB5A-417D-B697-69A4878422EA}
	EndGlobalSection
EndGlobal
